
Microsoft Visual Studio Solution File, Format Version 12.00
# Visual Studio 15
VisualStudioVersion = 15.0.26730.16
MinimumVisualStudioVersion = 10.0.40219.1
Project("{9A19103F-16F7-4668-BE54-9A1E7A4F7556}") = "CourseApplication", "CourseApplication.csproj", "{190BCE48-0289-4504-AB42-7BA335DE0A36}"
EndProject
Global
	GlobalSection(SolutionConfigurationPlatforms) = preSolution
		Debug|Any CPU = Debug|Any CPU
		Release|Any CPU = Release|Any CPU
	EndGlobalSection
	GlobalSection(ProjectConfigurationPlatforms) = postSolution
		{190BCE48-0289-4504-AB42-7BA335DE0A36}.Debug|Any CPU.ActiveCfg = Debug|Any CPU
		{190BCE48-0289-4504-AB42-7BA335DE0A36}.Debug|Any CPU.Build.0 = Debug|Any CPU
		{190BCE48-0289-4504-AB42-7BA335DE0A36}.Release|Any CPU.ActiveCfg = Release|Any CPU
		{190BCE48-0289-4504-AB42-7BA335DE0A36}.Release|Any CPU.Build.0 = Release|Any CPU
	EndGlobalSection
	GlobalSection(SolutionProperties) = preSolution
		HideSolutionNode = FALSE
	EndGlobalSection
	GlobalSection(ExtensibilityGlobals) = postSolution
		SolutionGuid = {01A250F0-398E-4157-93C4-4AD3579FAE74}
	EndGlobalSection
EndGlobal
