
Microsoft Visual Studio Solution File, Format Version 12.00
# Visual Studio 15
VisualStudioVersion = 15.0.27130.2020
MinimumVisualStudioVersion = 10.0.40219.1
Project("{FAE04EC0-301F-11D3-BF4B-00C04F79EFBC}") = "Library.API", "Library.API\Library.API.csproj", "{82A9064F-3AF1-409C-A5B7-443359D2D7F7}"
EndProject
Global
	GlobalSection(SolutionConfigurationPlatforms) = preSolution
		Debug|Any CPU = Debug|Any CPU
		Release|Any CPU = Release|Any CPU
	EndGlobalSection
	GlobalSection(ProjectConfigurationPlatforms) = postSolution
		{82A9064F-3AF1-409C-A5B7-443359D2D7F7}.Debug|Any CPU.ActiveCfg = Debug|Any CPU
		{82A9064F-3AF1-409C-A5B7-443359D2D7F7}.Debug|Any CPU.Build.0 = Debug|Any CPU
		{82A9064F-3AF1-409C-A5B7-443359D2D7F7}.Release|Any CPU.ActiveCfg = Release|Any CPU
		{82A9064F-3AF1-409C-A5B7-443359D2D7F7}.Release|Any CPU.Build.0 = Release|Any CPU
	EndGlobalSection
	GlobalSection(SolutionProperties) = preSolution
		HideSolutionNode = FALSE
	EndGlobalSection
	GlobalSection(ExtensibilityGlobals) = postSolution
		SolutionGuid = {CC354084-3110-4BA1-873C-F316FF1374AA}
	EndGlobalSection
EndGlobal
