
Microsoft Visual Studio Solution File, Format Version 12.00
# Visual Studio 15
VisualStudioVersion = 15.0.27130.2020
MinimumVisualStudioVersion = 10.0.40219.1
Project("{FAE04EC0-301F-11D3-BF4B-00C04F79EFBC}") = "StudentHubApplication.API", "StudentHubApplication.API\StudentHubApplication.API.csproj", "{CFA301F0-B785-4CBB-BF3A-5B308904104B}"
EndProject
Global
	GlobalSection(SolutionConfigurationPlatforms) = preSolution
		Debug|Any CPU = Debug|Any CPU
		Release|Any CPU = Release|Any CPU
	EndGlobalSection
	GlobalSection(ProjectConfigurationPlatforms) = postSolution
		{CFA301F0-B785-4CBB-BF3A-5B308904104B}.Debug|Any CPU.ActiveCfg = Debug|Any CPU
		{CFA301F0-B785-4CBB-BF3A-5B308904104B}.Debug|Any CPU.Build.0 = Debug|Any CPU
		{CFA301F0-B785-4CBB-BF3A-5B308904104B}.Release|Any CPU.ActiveCfg = Release|Any CPU
		{CFA301F0-B785-4CBB-BF3A-5B308904104B}.Release|Any CPU.Build.0 = Release|Any CPU
	EndGlobalSection
	GlobalSection(SolutionProperties) = preSolution
		HideSolutionNode = FALSE
	EndGlobalSection
	GlobalSection(ExtensibilityGlobals) = postSolution
		SolutionGuid = {CC2E83E3-896C-4E05-B467-D8AC156E070E}
	EndGlobalSection
EndGlobal
